
Microsoft Visual Studio Solution File, Format Version 12.00
Project("{2150E333-8FDC-42A3-9474-1A3956D46DE8}") = "src", "src", "{E55B3C22-0EEA-42BD-93E4-13E75583DD6D}"
EndProject
Project("{2150E333-8FDC-42A3-9474-1A3956D46DE8}") = "tests", "tests", "{B34C08A7-098D-45DE-A1AD-1760DD161B4B}"
EndProject
Project("{FAE04EC0-301F-11D3-BF4B-00C04F79EFBC}") = "SC4013.Application", "src\SC4013.Application\SC4013.Application.csproj", "{32CBEFA2-EA33-47B8-AD41-DCC0D9F4B75A}"
EndProject
Project("{FAE04EC0-301F-11D3-BF4B-00C04F79EFBC}") = "SC4013.Domain", "src\SC4013.Domain\SC4013.Domain.csproj", "{3E8DCF46-D059-4A0A-95D2-731D6471F693}"
EndProject
Project("{FAE04EC0-301F-11D3-BF4B-00C04F79EFBC}") = "SC4013.Infrastructure", "src\SC4013.Infrastructure\SC4013.Infrastructure.csproj", "{77229C4F-2317-450D-86D7-3A1C1000980D}"
EndProject
Project("{FAE04EC0-301F-11D3-BF4B-00C04F79EFBC}") = "SC4013.Web", "src\SC4013.Web\SC4013.Web.csproj", "{0CC40ED2-2CAB-450C-ACB7-FC4292E6C827}"
EndProject
Project("{2150E333-8FDC-42A3-9474-1A3956D46DE8}") = "Migrations", "Migrations", "{555AB52B-0511-49F2-B921-1B65F47BF7A7}"
EndProject
Project("{FAE04EC0-301F-11D3-BF4B-00C04F79EFBC}") = "SC4013.SqliteMigrations", "src\SC4013.SqliteMigrations\SC4013.SqliteMigrations.csproj", "{138E0187-DD3D-48FC-B8CD-75F165AC1255}"
EndProject
Project("{FAE04EC0-301F-11D3-BF4B-00C04F79EFBC}") = "SC4013.SqlServerMigrations", "src\SC4013.SqlServerMigrations\SC4013.SqlServerMigrations.csproj", "{66DBBA2A-191D-4FA7-8D6C-C839C5A434E8}"
EndProject
Project("{2150E333-8FDC-42A3-9474-1A3956D46DE8}") = "Solution Items", "Solution Items", "{1DB64212-5EA1-403F-936A-66572A234632}"
	ProjectSection(SolutionItems) = preProject
		README.md = README.md
		azure-pipelines.yml = azure-pipelines.yml
		.gitignore = .gitignore
	EndProjectSection
EndProject
Global
	GlobalSection(SolutionConfigurationPlatforms) = preSolution
		Debug|Any CPU = Debug|Any CPU
		Release|Any CPU = Release|Any CPU
	EndGlobalSection
	GlobalSection(ProjectConfigurationPlatforms) = postSolution
		{32CBEFA2-EA33-47B8-AD41-DCC0D9F4B75A}.Debug|Any CPU.ActiveCfg = Debug|Any CPU
		{32CBEFA2-EA33-47B8-AD41-DCC0D9F4B75A}.Debug|Any CPU.Build.0 = Debug|Any CPU
		{32CBEFA2-EA33-47B8-AD41-DCC0D9F4B75A}.Release|Any CPU.ActiveCfg = Release|Any CPU
		{32CBEFA2-EA33-47B8-AD41-DCC0D9F4B75A}.Release|Any CPU.Build.0 = Release|Any CPU
		{3E8DCF46-D059-4A0A-95D2-731D6471F693}.Debug|Any CPU.ActiveCfg = Debug|Any CPU
		{3E8DCF46-D059-4A0A-95D2-731D6471F693}.Debug|Any CPU.Build.0 = Debug|Any CPU
		{3E8DCF46-D059-4A0A-95D2-731D6471F693}.Release|Any CPU.ActiveCfg = Release|Any CPU
		{3E8DCF46-D059-4A0A-95D2-731D6471F693}.Release|Any CPU.Build.0 = Release|Any CPU
		{77229C4F-2317-450D-86D7-3A1C1000980D}.Debug|Any CPU.ActiveCfg = Debug|Any CPU
		{77229C4F-2317-450D-86D7-3A1C1000980D}.Debug|Any CPU.Build.0 = Debug|Any CPU
		{77229C4F-2317-450D-86D7-3A1C1000980D}.Release|Any CPU.ActiveCfg = Release|Any CPU
		{77229C4F-2317-450D-86D7-3A1C1000980D}.Release|Any CPU.Build.0 = Release|Any CPU
		{0CC40ED2-2CAB-450C-ACB7-FC4292E6C827}.Debug|Any CPU.ActiveCfg = Debug|Any CPU
		{0CC40ED2-2CAB-450C-ACB7-FC4292E6C827}.Debug|Any CPU.Build.0 = Debug|Any CPU
		{0CC40ED2-2CAB-450C-ACB7-FC4292E6C827}.Release|Any CPU.ActiveCfg = Release|Any CPU
		{0CC40ED2-2CAB-450C-ACB7-FC4292E6C827}.Release|Any CPU.Build.0 = Release|Any CPU
		{138E0187-DD3D-48FC-B8CD-75F165AC1255}.Debug|Any CPU.ActiveCfg = Debug|Any CPU
		{138E0187-DD3D-48FC-B8CD-75F165AC1255}.Debug|Any CPU.Build.0 = Debug|Any CPU
		{138E0187-DD3D-48FC-B8CD-75F165AC1255}.Release|Any CPU.ActiveCfg = Release|Any CPU
		{138E0187-DD3D-48FC-B8CD-75F165AC1255}.Release|Any CPU.Build.0 = Release|Any CPU
		{66DBBA2A-191D-4FA7-8D6C-C839C5A434E8}.Debug|Any CPU.ActiveCfg = Debug|Any CPU
		{66DBBA2A-191D-4FA7-8D6C-C839C5A434E8}.Debug|Any CPU.Build.0 = Debug|Any CPU
		{66DBBA2A-191D-4FA7-8D6C-C839C5A434E8}.Release|Any CPU.ActiveCfg = Release|Any CPU
		{66DBBA2A-191D-4FA7-8D6C-C839C5A434E8}.Release|Any CPU.Build.0 = Release|Any CPU
	EndGlobalSection
	GlobalSection(NestedProjects) = preSolution
		{32CBEFA2-EA33-47B8-AD41-DCC0D9F4B75A} = {E55B3C22-0EEA-42BD-93E4-13E75583DD6D}
		{3E8DCF46-D059-4A0A-95D2-731D6471F693} = {E55B3C22-0EEA-42BD-93E4-13E75583DD6D}
		{77229C4F-2317-450D-86D7-3A1C1000980D} = {E55B3C22-0EEA-42BD-93E4-13E75583DD6D}
		{0CC40ED2-2CAB-450C-ACB7-FC4292E6C827} = {E55B3C22-0EEA-42BD-93E4-13E75583DD6D}
		{555AB52B-0511-49F2-B921-1B65F47BF7A7} = {E55B3C22-0EEA-42BD-93E4-13E75583DD6D}
		{138E0187-DD3D-48FC-B8CD-75F165AC1255} = {555AB52B-0511-49F2-B921-1B65F47BF7A7}
		{66DBBA2A-191D-4FA7-8D6C-C839C5A434E8} = {555AB52B-0511-49F2-B921-1B65F47BF7A7}
	EndGlobalSection
EndGlobal
